
Microsoft Visual Studio Solution File, Format Version 12.00
# Visual Studio Version 17
VisualStudioVersion = 17.7.34031.279
MinimumVisualStudioVersion = 10.0.40219.1
Project("{FAE04EC0-301F-11D3-BF4B-00C04F79EFBC}") = "ForLus51", "ForLus51\ForLus51.csproj", "{46807F79-0534-4689-8BD6-D2122C650CD1}"
EndProject
Global
	GlobalSection(SolutionConfigurationPlatforms) = preSolution
		Debug|Any CPU = Debug|Any CPU
		Release|Any CPU = Release|Any CPU
	EndGlobalSection
	GlobalSection(ProjectConfigurationPlatforms) = postSolution
		{46807F79-0534-4689-8BD6-D2122C650CD1}.Debug|Any CPU.ActiveCfg = Debug|Any CPU
		{46807F79-0534-4689-8BD6-D2122C650CD1}.Debug|Any CPU.Build.0 = Debug|Any CPU
		{46807F79-0534-4689-8BD6-D2122C650CD1}.Release|Any CPU.ActiveCfg = Release|Any CPU
		{46807F79-0534-4689-8BD6-D2122C650CD1}.Release|Any CPU.Build.0 = Release|Any CPU
	EndGlobalSection
	GlobalSection(SolutionProperties) = preSolution
		HideSolutionNode = FALSE
	EndGlobalSection
	GlobalSection(ExtensibilityGlobals) = postSolution
		SolutionGuid = {C9FE6DBF-790F-4C93-9D81-CAEBD339B06B}
	EndGlobalSection
EndGlobal
