
Microsoft Visual Studio Solution File, Format Version 12.00
# Visual Studio Version 17
VisualStudioVersion = 17.7.34031.279
MinimumVisualStudioVersion = 10.0.40219.1
Project("{FAE04EC0-301F-11D3-BF4B-00C04F79EFBC}") = "D03kleinermetmathmin", "D03kleinermetmathmin\D03kleinermetmathmin.csproj", "{8D1DC7EF-6836-485E-BF9C-11064DDDF157}"
EndProject
Global
	GlobalSection(SolutionConfigurationPlatforms) = preSolution
		Debug|Any CPU = Debug|Any CPU
		Release|Any CPU = Release|Any CPU
	EndGlobalSection
	GlobalSection(ProjectConfigurationPlatforms) = postSolution
		{8D1DC7EF-6836-485E-BF9C-11064DDDF157}.Debug|Any CPU.ActiveCfg = Debug|Any CPU
		{8D1DC7EF-6836-485E-BF9C-11064DDDF157}.Debug|Any CPU.Build.0 = Debug|Any CPU
		{8D1DC7EF-6836-485E-BF9C-11064DDDF157}.Release|Any CPU.ActiveCfg = Release|Any CPU
		{8D1DC7EF-6836-485E-BF9C-11064DDDF157}.Release|Any CPU.Build.0 = Release|Any CPU
	EndGlobalSection
	GlobalSection(SolutionProperties) = preSolution
		HideSolutionNode = FALSE
	EndGlobalSection
	GlobalSection(ExtensibilityGlobals) = postSolution
		SolutionGuid = {B9F3A300-048F-4D9C-9E3A-7CC34CF1208E}
	EndGlobalSection
EndGlobal
