
Microsoft Visual Studio Solution File, Format Version 12.00
# Visual Studio Version 17
VisualStudioVersion = 17.7.34031.279
MinimumVisualStudioVersion = 10.0.40219.1
Project("{FAE04EC0-301F-11D3-BF4B-00C04F79EFBC}") = "D05som", "D05som\D05som.csproj", "{F925AB9D-AA81-4A98-B184-770DDCCFA885}"
EndProject
Global
	GlobalSection(SolutionConfigurationPlatforms) = preSolution
		Debug|Any CPU = Debug|Any CPU
		Release|Any CPU = Release|Any CPU
	EndGlobalSection
	GlobalSection(ProjectConfigurationPlatforms) = postSolution
		{F925AB9D-AA81-4A98-B184-770DDCCFA885}.Debug|Any CPU.ActiveCfg = Debug|Any CPU
		{F925AB9D-AA81-4A98-B184-770DDCCFA885}.Debug|Any CPU.Build.0 = Debug|Any CPU
		{F925AB9D-AA81-4A98-B184-770DDCCFA885}.Release|Any CPU.ActiveCfg = Release|Any CPU
		{F925AB9D-AA81-4A98-B184-770DDCCFA885}.Release|Any CPU.Build.0 = Release|Any CPU
	EndGlobalSection
	GlobalSection(SolutionProperties) = preSolution
		HideSolutionNode = FALSE
	EndGlobalSection
	GlobalSection(ExtensibilityGlobals) = postSolution
		SolutionGuid = {7A1FC85D-B96D-4FD3-A565-A7B64C97EFD3}
	EndGlobalSection
EndGlobal
