
Microsoft Visual Studio Solution File, Format Version 12.00
# Visual Studio Version 17
VisualStudioVersion = 17.7.34202.233
MinimumVisualStudioVersion = 10.0.40219.1
Project("{FAE04EC0-301F-11D3-BF4B-00C04F79EFBC}") = "ArrayStringWerkdagenIndex", "ArrayStringWerkdagenIndex\ArrayStringWerkdagenIndex.csproj", "{EAEBC81D-EBE3-4F4C-A85E-6D80DA9754B0}"
EndProject
Global
	GlobalSection(SolutionConfigurationPlatforms) = preSolution
		Debug|Any CPU = Debug|Any CPU
		Release|Any CPU = Release|Any CPU
	EndGlobalSection
	GlobalSection(ProjectConfigurationPlatforms) = postSolution
		{EAEBC81D-EBE3-4F4C-A85E-6D80DA9754B0}.Debug|Any CPU.ActiveCfg = Debug|Any CPU
		{EAEBC81D-EBE3-4F4C-A85E-6D80DA9754B0}.Debug|Any CPU.Build.0 = Debug|Any CPU
		{EAEBC81D-EBE3-4F4C-A85E-6D80DA9754B0}.Release|Any CPU.ActiveCfg = Release|Any CPU
		{EAEBC81D-EBE3-4F4C-A85E-6D80DA9754B0}.Release|Any CPU.Build.0 = Release|Any CPU
	EndGlobalSection
	GlobalSection(SolutionProperties) = preSolution
		HideSolutionNode = FALSE
	EndGlobalSection
	GlobalSection(ExtensibilityGlobals) = postSolution
		SolutionGuid = {D484C10A-B282-4361-B6B5-8BE9810F4BD4}
	EndGlobalSection
EndGlobal
