
Microsoft Visual Studio Solution File, Format Version 12.00
# Visual Studio Version 17
VisualStudioVersion = 17.7.34031.279
MinimumVisualStudioVersion = 10.0.40219.1
Project("{FAE04EC0-301F-11D3-BF4B-00C04F79EFBC}") = "D03pythagoras", "D03pythagoras\D03pythagoras.csproj", "{12D259BA-CCE6-422E-9747-60D30A0E941F}"
EndProject
Global
	GlobalSection(SolutionConfigurationPlatforms) = preSolution
		Debug|Any CPU = Debug|Any CPU
		Release|Any CPU = Release|Any CPU
	EndGlobalSection
	GlobalSection(ProjectConfigurationPlatforms) = postSolution
		{12D259BA-CCE6-422E-9747-60D30A0E941F}.Debug|Any CPU.ActiveCfg = Debug|Any CPU
		{12D259BA-CCE6-422E-9747-60D30A0E941F}.Debug|Any CPU.Build.0 = Debug|Any CPU
		{12D259BA-CCE6-422E-9747-60D30A0E941F}.Release|Any CPU.ActiveCfg = Release|Any CPU
		{12D259BA-CCE6-422E-9747-60D30A0E941F}.Release|Any CPU.Build.0 = Release|Any CPU
	EndGlobalSection
	GlobalSection(SolutionProperties) = preSolution
		HideSolutionNode = FALSE
	EndGlobalSection
	GlobalSection(ExtensibilityGlobals) = postSolution
		SolutionGuid = {95DF5E77-E69B-47D7-9DB5-EAC96FD23801}
	EndGlobalSection
EndGlobal
