
Microsoft Visual Studio Solution File, Format Version 12.00
# Visual Studio Version 17
VisualStudioVersion = 17.7.34202.233
MinimumVisualStudioVersion = 10.0.40219.1
Project("{FAE04EC0-301F-11D3-BF4B-00C04F79EFBC}") = "GetalRadenFoutcontrole", "GetalRadenFoutcontrole\GetalRadenFoutcontrole.csproj", "{CE8B547C-90BA-4665-8944-80722ED95D96}"
EndProject
Global
	GlobalSection(SolutionConfigurationPlatforms) = preSolution
		Debug|Any CPU = Debug|Any CPU
		Release|Any CPU = Release|Any CPU
	EndGlobalSection
	GlobalSection(ProjectConfigurationPlatforms) = postSolution
		{CE8B547C-90BA-4665-8944-80722ED95D96}.Debug|Any CPU.ActiveCfg = Debug|Any CPU
		{CE8B547C-90BA-4665-8944-80722ED95D96}.Debug|Any CPU.Build.0 = Debug|Any CPU
		{CE8B547C-90BA-4665-8944-80722ED95D96}.Release|Any CPU.ActiveCfg = Release|Any CPU
		{CE8B547C-90BA-4665-8944-80722ED95D96}.Release|Any CPU.Build.0 = Release|Any CPU
	EndGlobalSection
	GlobalSection(SolutionProperties) = preSolution
		HideSolutionNode = FALSE
	EndGlobalSection
	GlobalSection(ExtensibilityGlobals) = postSolution
		SolutionGuid = {ACE70F1E-4A00-46A6-B5B9-D6316C0A311A}
	EndGlobalSection
EndGlobal
