
Microsoft Visual Studio Solution File, Format Version 12.00
# Visual Studio Version 17
VisualStudioVersion = 17.7.34031.279
MinimumVisualStudioVersion = 10.0.40219.1
Project("{FAE04EC0-301F-11D3-BF4B-00C04F79EFBC}") = "Maandsalaris", "Maandsalaris\Maandsalaris.csproj", "{8E078A4B-0C38-4925-8C35-65F3D7AD9CC1}"
EndProject
Global
	GlobalSection(SolutionConfigurationPlatforms) = preSolution
		Debug|Any CPU = Debug|Any CPU
		Release|Any CPU = Release|Any CPU
	EndGlobalSection
	GlobalSection(ProjectConfigurationPlatforms) = postSolution
		{8E078A4B-0C38-4925-8C35-65F3D7AD9CC1}.Debug|Any CPU.ActiveCfg = Debug|Any CPU
		{8E078A4B-0C38-4925-8C35-65F3D7AD9CC1}.Debug|Any CPU.Build.0 = Debug|Any CPU
		{8E078A4B-0C38-4925-8C35-65F3D7AD9CC1}.Release|Any CPU.ActiveCfg = Release|Any CPU
		{8E078A4B-0C38-4925-8C35-65F3D7AD9CC1}.Release|Any CPU.Build.0 = Release|Any CPU
	EndGlobalSection
	GlobalSection(SolutionProperties) = preSolution
		HideSolutionNode = FALSE
	EndGlobalSection
	GlobalSection(ExtensibilityGlobals) = postSolution
		SolutionGuid = {E7F8C7E4-805C-45B4-A155-DA84D4A151E8}
	EndGlobalSection
EndGlobal
