
Microsoft Visual Studio Solution File, Format Version 12.00
# Visual Studio Version 17
VisualStudioVersion = 17.7.34202.233
MinimumVisualStudioVersion = 10.0.40219.1
Project("{FAE04EC0-301F-11D3-BF4B-00C04F79EFBC}") = "SchaarSteenPapierList", "SchaarSteenPapierList\SchaarSteenPapierList.csproj", "{377BFC3C-C500-4957-BC04-F4CB2851FE32}"
EndProject
Global
	GlobalSection(SolutionConfigurationPlatforms) = preSolution
		Debug|Any CPU = Debug|Any CPU
		Release|Any CPU = Release|Any CPU
	EndGlobalSection
	GlobalSection(ProjectConfigurationPlatforms) = postSolution
		{377BFC3C-C500-4957-BC04-F4CB2851FE32}.Debug|Any CPU.ActiveCfg = Debug|Any CPU
		{377BFC3C-C500-4957-BC04-F4CB2851FE32}.Debug|Any CPU.Build.0 = Debug|Any CPU
		{377BFC3C-C500-4957-BC04-F4CB2851FE32}.Release|Any CPU.ActiveCfg = Release|Any CPU
		{377BFC3C-C500-4957-BC04-F4CB2851FE32}.Release|Any CPU.Build.0 = Release|Any CPU
	EndGlobalSection
	GlobalSection(SolutionProperties) = preSolution
		HideSolutionNode = FALSE
	EndGlobalSection
	GlobalSection(ExtensibilityGlobals) = postSolution
		SolutionGuid = {75E2BEFA-CEF3-46DC-BC30-C93E57ED6E64}
	EndGlobalSection
EndGlobal
