
Microsoft Visual Studio Solution File, Format Version 12.00
# Visual Studio Version 17
VisualStudioVersion = 17.7.34031.279
MinimumVisualStudioVersion = 10.0.40219.1
Project("{FAE04EC0-301F-11D3-BF4B-00C04F79EFBC}") = "D03getalraden", "D03getalraden\D03getalraden.csproj", "{F20B0AD9-FC65-412D-979C-727638F69CDF}"
EndProject
Global
	GlobalSection(SolutionConfigurationPlatforms) = preSolution
		Debug|Any CPU = Debug|Any CPU
		Release|Any CPU = Release|Any CPU
	EndGlobalSection
	GlobalSection(ProjectConfigurationPlatforms) = postSolution
		{F20B0AD9-FC65-412D-979C-727638F69CDF}.Debug|Any CPU.ActiveCfg = Debug|Any CPU
		{F20B0AD9-FC65-412D-979C-727638F69CDF}.Debug|Any CPU.Build.0 = Debug|Any CPU
		{F20B0AD9-FC65-412D-979C-727638F69CDF}.Release|Any CPU.ActiveCfg = Release|Any CPU
		{F20B0AD9-FC65-412D-979C-727638F69CDF}.Release|Any CPU.Build.0 = Release|Any CPU
	EndGlobalSection
	GlobalSection(SolutionProperties) = preSolution
		HideSolutionNode = FALSE
	EndGlobalSection
	GlobalSection(ExtensibilityGlobals) = postSolution
		SolutionGuid = {0FED4D69-4729-45D6-A494-2D9C93F2C01C}
	EndGlobalSection
EndGlobal
