
Microsoft Visual Studio Solution File, Format Version 12.00
# Visual Studio Version 17
VisualStudioVersion = 17.7.34202.233
MinimumVisualStudioVersion = 10.0.40219.1
Project("{FAE04EC0-301F-11D3-BF4B-00C04F79EFBC}") = "D09scrabble", "D09scrabble\D09scrabble.csproj", "{4CA89032-527D-467D-87A0-850488DB10B9}"
EndProject
Global
	GlobalSection(SolutionConfigurationPlatforms) = preSolution
		Debug|Any CPU = Debug|Any CPU
		Release|Any CPU = Release|Any CPU
	EndGlobalSection
	GlobalSection(ProjectConfigurationPlatforms) = postSolution
		{4CA89032-527D-467D-87A0-850488DB10B9}.Debug|Any CPU.ActiveCfg = Debug|Any CPU
		{4CA89032-527D-467D-87A0-850488DB10B9}.Debug|Any CPU.Build.0 = Debug|Any CPU
		{4CA89032-527D-467D-87A0-850488DB10B9}.Release|Any CPU.ActiveCfg = Release|Any CPU
		{4CA89032-527D-467D-87A0-850488DB10B9}.Release|Any CPU.Build.0 = Release|Any CPU
	EndGlobalSection
	GlobalSection(SolutionProperties) = preSolution
		HideSolutionNode = FALSE
	EndGlobalSection
	GlobalSection(ExtensibilityGlobals) = postSolution
		SolutionGuid = {25241234-3E17-4EBA-B7ED-5A9F27229C6B}
	EndGlobalSection
EndGlobal
