
Microsoft Visual Studio Solution File, Format Version 12.00
# Visual Studio Version 17
VisualStudioVersion = 17.7.34202.233
MinimumVisualStudioVersion = 10.0.40219.1
Project("{FAE04EC0-301F-11D3-BF4B-00C04F79EFBC}") = "D07dotdotdot", "D07dotdotdot\D07dotdotdot.csproj", "{E449D7CD-53DD-4C9C-AC03-1D647357B235}"
EndProject
Global
	GlobalSection(SolutionConfigurationPlatforms) = preSolution
		Debug|Any CPU = Debug|Any CPU
		Release|Any CPU = Release|Any CPU
	EndGlobalSection
	GlobalSection(ProjectConfigurationPlatforms) = postSolution
		{E449D7CD-53DD-4C9C-AC03-1D647357B235}.Debug|Any CPU.ActiveCfg = Debug|Any CPU
		{E449D7CD-53DD-4C9C-AC03-1D647357B235}.Debug|Any CPU.Build.0 = Debug|Any CPU
		{E449D7CD-53DD-4C9C-AC03-1D647357B235}.Release|Any CPU.ActiveCfg = Release|Any CPU
		{E449D7CD-53DD-4C9C-AC03-1D647357B235}.Release|Any CPU.Build.0 = Release|Any CPU
	EndGlobalSection
	GlobalSection(SolutionProperties) = preSolution
		HideSolutionNode = FALSE
	EndGlobalSection
	GlobalSection(ExtensibilityGlobals) = postSolution
		SolutionGuid = {7412C407-76BA-4278-9714-4908ECB238F3}
	EndGlobalSection
EndGlobal
