
Microsoft Visual Studio Solution File, Format Version 12.00
# Visual Studio Version 17
VisualStudioVersion = 17.7.34202.233
MinimumVisualStudioVersion = 10.0.40219.1
Project("{FAE04EC0-301F-11D3-BF4B-00C04F79EFBC}") = "D05rechthoek", "D05rechthoek\D05rechthoek.csproj", "{C8B5457E-20ED-4D81-BD14-1C96C8565FC9}"
EndProject
Global
	GlobalSection(SolutionConfigurationPlatforms) = preSolution
		Debug|Any CPU = Debug|Any CPU
		Release|Any CPU = Release|Any CPU
	EndGlobalSection
	GlobalSection(ProjectConfigurationPlatforms) = postSolution
		{C8B5457E-20ED-4D81-BD14-1C96C8565FC9}.Debug|Any CPU.ActiveCfg = Debug|Any CPU
		{C8B5457E-20ED-4D81-BD14-1C96C8565FC9}.Debug|Any CPU.Build.0 = Debug|Any CPU
		{C8B5457E-20ED-4D81-BD14-1C96C8565FC9}.Release|Any CPU.ActiveCfg = Release|Any CPU
		{C8B5457E-20ED-4D81-BD14-1C96C8565FC9}.Release|Any CPU.Build.0 = Release|Any CPU
	EndGlobalSection
	GlobalSection(SolutionProperties) = preSolution
		HideSolutionNode = FALSE
	EndGlobalSection
	GlobalSection(ExtensibilityGlobals) = postSolution
		SolutionGuid = {8251D954-A4EA-4608-92B0-CD247AE99C02}
	EndGlobalSection
EndGlobal
