
Microsoft Visual Studio Solution File, Format Version 12.00
# Visual Studio Version 17
VisualStudioVersion = 17.7.34202.233
MinimumVisualStudioVersion = 10.0.40219.1
Project("{FAE04EC0-301F-11D3-BF4B-00C04F79EFBC}") = "StringArrayDagen", "StringArrayDagen\StringArrayDagen.csproj", "{EB7B6911-2029-44E5-B5A0-23F92D5BD325}"
EndProject
Global
	GlobalSection(SolutionConfigurationPlatforms) = preSolution
		Debug|Any CPU = Debug|Any CPU
		Release|Any CPU = Release|Any CPU
	EndGlobalSection
	GlobalSection(ProjectConfigurationPlatforms) = postSolution
		{EB7B6911-2029-44E5-B5A0-23F92D5BD325}.Debug|Any CPU.ActiveCfg = Debug|Any CPU
		{EB7B6911-2029-44E5-B5A0-23F92D5BD325}.Debug|Any CPU.Build.0 = Debug|Any CPU
		{EB7B6911-2029-44E5-B5A0-23F92D5BD325}.Release|Any CPU.ActiveCfg = Release|Any CPU
		{EB7B6911-2029-44E5-B5A0-23F92D5BD325}.Release|Any CPU.Build.0 = Release|Any CPU
	EndGlobalSection
	GlobalSection(SolutionProperties) = preSolution
		HideSolutionNode = FALSE
	EndGlobalSection
	GlobalSection(ExtensibilityGlobals) = postSolution
		SolutionGuid = {1EC881BB-09FD-46AD-A4B3-50E6783454D3}
	EndGlobalSection
EndGlobal
