
Microsoft Visual Studio Solution File, Format Version 12.00
# Visual Studio Version 17
VisualStudioVersion = 17.7.34031.279
MinimumVisualStudioVersion = 10.0.40219.1
Project("{FAE04EC0-301F-11D3-BF4B-00C04F79EFBC}") = "D05 Werkcollege", "D05 Werkcollege\D05 Werkcollege.csproj", "{412B9FDE-C212-48DA-9A6D-0BAA92F5388A}"
EndProject
Global
	GlobalSection(SolutionConfigurationPlatforms) = preSolution
		Debug|Any CPU = Debug|Any CPU
		Release|Any CPU = Release|Any CPU
	EndGlobalSection
	GlobalSection(ProjectConfigurationPlatforms) = postSolution
		{412B9FDE-C212-48DA-9A6D-0BAA92F5388A}.Debug|Any CPU.ActiveCfg = Debug|Any CPU
		{412B9FDE-C212-48DA-9A6D-0BAA92F5388A}.Debug|Any CPU.Build.0 = Debug|Any CPU
		{412B9FDE-C212-48DA-9A6D-0BAA92F5388A}.Release|Any CPU.ActiveCfg = Release|Any CPU
		{412B9FDE-C212-48DA-9A6D-0BAA92F5388A}.Release|Any CPU.Build.0 = Release|Any CPU
	EndGlobalSection
	GlobalSection(SolutionProperties) = preSolution
		HideSolutionNode = FALSE
	EndGlobalSection
	GlobalSection(ExtensibilityGlobals) = postSolution
		SolutionGuid = {E97B87BA-ABDA-44BE-AA5D-49726D8A4D36}
	EndGlobalSection
EndGlobal
