
Microsoft Visual Studio Solution File, Format Version 12.00
# Visual Studio Version 17
VisualStudioVersion = 17.7.34031.279
MinimumVisualStudioVersion = 10.0.40219.1
Project("{FAE04EC0-301F-11D3-BF4B-00C04F79EFBC}") = "RechthoekOmtrekOppervlakte", "RechthoekOmtrekOppervlakte\RechthoekOmtrekOppervlakte.csproj", "{5D478B2C-8BE4-4B39-BBAD-71692A790246}"
EndProject
Global
	GlobalSection(SolutionConfigurationPlatforms) = preSolution
		Debug|Any CPU = Debug|Any CPU
		Release|Any CPU = Release|Any CPU
	EndGlobalSection
	GlobalSection(ProjectConfigurationPlatforms) = postSolution
		{5D478B2C-8BE4-4B39-BBAD-71692A790246}.Debug|Any CPU.ActiveCfg = Debug|Any CPU
		{5D478B2C-8BE4-4B39-BBAD-71692A790246}.Debug|Any CPU.Build.0 = Debug|Any CPU
		{5D478B2C-8BE4-4B39-BBAD-71692A790246}.Release|Any CPU.ActiveCfg = Release|Any CPU
		{5D478B2C-8BE4-4B39-BBAD-71692A790246}.Release|Any CPU.Build.0 = Release|Any CPU
	EndGlobalSection
	GlobalSection(SolutionProperties) = preSolution
		HideSolutionNode = FALSE
	EndGlobalSection
	GlobalSection(ExtensibilityGlobals) = postSolution
		SolutionGuid = {1798F9A9-EC5A-4C60-8520-8C3FCCA3C587}
	EndGlobalSection
EndGlobal
