
Microsoft Visual Studio Solution File, Format Version 12.00
# Visual Studio Version 17
VisualStudioVersion = 17.7.34202.233
MinimumVisualStudioVersion = 10.0.40219.1
Project("{FAE04EC0-301F-11D3-BF4B-00C04F79EFBC}") = "D09durstenfeld", "D09durstenfeld\D09durstenfeld.csproj", "{0BAF634C-8469-49D8-8D84-F6242C1C3AFB}"
EndProject
Global
	GlobalSection(SolutionConfigurationPlatforms) = preSolution
		Debug|Any CPU = Debug|Any CPU
		Release|Any CPU = Release|Any CPU
	EndGlobalSection
	GlobalSection(ProjectConfigurationPlatforms) = postSolution
		{0BAF634C-8469-49D8-8D84-F6242C1C3AFB}.Debug|Any CPU.ActiveCfg = Debug|Any CPU
		{0BAF634C-8469-49D8-8D84-F6242C1C3AFB}.Debug|Any CPU.Build.0 = Debug|Any CPU
		{0BAF634C-8469-49D8-8D84-F6242C1C3AFB}.Release|Any CPU.ActiveCfg = Release|Any CPU
		{0BAF634C-8469-49D8-8D84-F6242C1C3AFB}.Release|Any CPU.Build.0 = Release|Any CPU
	EndGlobalSection
	GlobalSection(SolutionProperties) = preSolution
		HideSolutionNode = FALSE
	EndGlobalSection
	GlobalSection(ExtensibilityGlobals) = postSolution
		SolutionGuid = {8E20051B-F944-4FFB-BB93-D2C762D64918}
	EndGlobalSection
EndGlobal
