
Microsoft Visual Studio Solution File, Format Version 12.00
# Visual Studio Version 17
VisualStudioVersion = 17.7.34031.279
MinimumVisualStudioVersion = 10.0.40219.1
Project("{FAE04EC0-301F-11D3-BF4B-00C04F79EFBC}") = "WerkcollegeD5D6oef14PatroonSterretjesDriehoek", "WerkcollegeD5D6oef14Patroon\WerkcollegeD5D6oef14PatroonSterretjesDriehoek.csproj", "{C983336E-E602-4923-9D47-BF3407A6A803}"
EndProject
Global
	GlobalSection(SolutionConfigurationPlatforms) = preSolution
		Debug|Any CPU = Debug|Any CPU
		Release|Any CPU = Release|Any CPU
	EndGlobalSection
	GlobalSection(ProjectConfigurationPlatforms) = postSolution
		{C983336E-E602-4923-9D47-BF3407A6A803}.Debug|Any CPU.ActiveCfg = Debug|Any CPU
		{C983336E-E602-4923-9D47-BF3407A6A803}.Debug|Any CPU.Build.0 = Debug|Any CPU
		{C983336E-E602-4923-9D47-BF3407A6A803}.Release|Any CPU.ActiveCfg = Release|Any CPU
		{C983336E-E602-4923-9D47-BF3407A6A803}.Release|Any CPU.Build.0 = Release|Any CPU
	EndGlobalSection
	GlobalSection(SolutionProperties) = preSolution
		HideSolutionNode = FALSE
	EndGlobalSection
	GlobalSection(ExtensibilityGlobals) = postSolution
		SolutionGuid = {EE72D492-D897-4BD8-9973-31669C235695}
	EndGlobalSection
EndGlobal
