
Microsoft Visual Studio Solution File, Format Version 12.00
# Visual Studio Version 17
VisualStudioVersion = 17.7.34202.233
MinimumVisualStudioVersion = 10.0.40219.1
Project("{FAE04EC0-301F-11D3-BF4B-00C04F79EFBC}") = "D07beginmethoofdletters", "D07beginmethoofdletters\D07beginmethoofdletters.csproj", "{3957C64F-884C-4E1C-9D6F-A3703A0B71E3}"
EndProject
Global
	GlobalSection(SolutionConfigurationPlatforms) = preSolution
		Debug|Any CPU = Debug|Any CPU
		Release|Any CPU = Release|Any CPU
	EndGlobalSection
	GlobalSection(ProjectConfigurationPlatforms) = postSolution
		{3957C64F-884C-4E1C-9D6F-A3703A0B71E3}.Debug|Any CPU.ActiveCfg = Debug|Any CPU
		{3957C64F-884C-4E1C-9D6F-A3703A0B71E3}.Debug|Any CPU.Build.0 = Debug|Any CPU
		{3957C64F-884C-4E1C-9D6F-A3703A0B71E3}.Release|Any CPU.ActiveCfg = Release|Any CPU
		{3957C64F-884C-4E1C-9D6F-A3703A0B71E3}.Release|Any CPU.Build.0 = Release|Any CPU
	EndGlobalSection
	GlobalSection(SolutionProperties) = preSolution
		HideSolutionNode = FALSE
	EndGlobalSection
	GlobalSection(ExtensibilityGlobals) = postSolution
		SolutionGuid = {E00970BE-67A8-4286-8684-71AF754491F0}
	EndGlobalSection
EndGlobal
