
Microsoft Visual Studio Solution File, Format Version 12.00
# Visual Studio Version 17
VisualStudioVersion = 17.7.34031.279
MinimumVisualStudioVersion = 10.0.40219.1
Project("{FAE04EC0-301F-11D3-BF4B-00C04F79EFBC}") = "OefenenD2-D3", "OefenenD2-D3\OefenenD2-D3.csproj", "{BF6AC3DB-1453-4E92-88B9-4987B8D4714C}"
EndProject
Global
	GlobalSection(SolutionConfigurationPlatforms) = preSolution
		Debug|Any CPU = Debug|Any CPU
		Release|Any CPU = Release|Any CPU
	EndGlobalSection
	GlobalSection(ProjectConfigurationPlatforms) = postSolution
		{BF6AC3DB-1453-4E92-88B9-4987B8D4714C}.Debug|Any CPU.ActiveCfg = Debug|Any CPU
		{BF6AC3DB-1453-4E92-88B9-4987B8D4714C}.Debug|Any CPU.Build.0 = Debug|Any CPU
		{BF6AC3DB-1453-4E92-88B9-4987B8D4714C}.Release|Any CPU.ActiveCfg = Release|Any CPU
		{BF6AC3DB-1453-4E92-88B9-4987B8D4714C}.Release|Any CPU.Build.0 = Release|Any CPU
	EndGlobalSection
	GlobalSection(SolutionProperties) = preSolution
		HideSolutionNode = FALSE
	EndGlobalSection
	GlobalSection(ExtensibilityGlobals) = postSolution
		SolutionGuid = {1E3FE031-2627-4067-99D2-EB11596904AD}
	EndGlobalSection
EndGlobal
