
Microsoft Visual Studio Solution File, Format Version 12.00
# Visual Studio Version 17
VisualStudioVersion = 17.7.34202.233
MinimumVisualStudioVersion = 10.0.40219.1
Project("{FAE04EC0-301F-11D3-BF4B-00C04F79EFBC}") = "D09maximumtemperatuur", "D09maximumtemperatuur\D09maximumtemperatuur.csproj", "{AD7DCF7B-0D04-432C-8B87-CC8F103FF687}"
EndProject
Global
	GlobalSection(SolutionConfigurationPlatforms) = preSolution
		Debug|Any CPU = Debug|Any CPU
		Release|Any CPU = Release|Any CPU
	EndGlobalSection
	GlobalSection(ProjectConfigurationPlatforms) = postSolution
		{AD7DCF7B-0D04-432C-8B87-CC8F103FF687}.Debug|Any CPU.ActiveCfg = Debug|Any CPU
		{AD7DCF7B-0D04-432C-8B87-CC8F103FF687}.Debug|Any CPU.Build.0 = Debug|Any CPU
		{AD7DCF7B-0D04-432C-8B87-CC8F103FF687}.Release|Any CPU.ActiveCfg = Release|Any CPU
		{AD7DCF7B-0D04-432C-8B87-CC8F103FF687}.Release|Any CPU.Build.0 = Release|Any CPU
	EndGlobalSection
	GlobalSection(SolutionProperties) = preSolution
		HideSolutionNode = FALSE
	EndGlobalSection
	GlobalSection(ExtensibilityGlobals) = postSolution
		SolutionGuid = {F122A5B5-D6AF-402F-B8AD-96088EB1C121}
	EndGlobalSection
EndGlobal
