
Microsoft Visual Studio Solution File, Format Version 12.00
# Visual Studio Version 17
VisualStudioVersion = 17.7.34031.279
MinimumVisualStudioVersion = 10.0.40219.1
Project("{FAE04EC0-301F-11D3-BF4B-00C04F79EFBC}") = "D05twintigtotenmettien", "D05twintigtotenmettien\D05twintigtotenmettien.csproj", "{BF7128A5-A8E6-421B-883B-D45B22202E2C}"
EndProject
Global
	GlobalSection(SolutionConfigurationPlatforms) = preSolution
		Debug|Any CPU = Debug|Any CPU
		Release|Any CPU = Release|Any CPU
	EndGlobalSection
	GlobalSection(ProjectConfigurationPlatforms) = postSolution
		{BF7128A5-A8E6-421B-883B-D45B22202E2C}.Debug|Any CPU.ActiveCfg = Debug|Any CPU
		{BF7128A5-A8E6-421B-883B-D45B22202E2C}.Debug|Any CPU.Build.0 = Debug|Any CPU
		{BF7128A5-A8E6-421B-883B-D45B22202E2C}.Release|Any CPU.ActiveCfg = Release|Any CPU
		{BF7128A5-A8E6-421B-883B-D45B22202E2C}.Release|Any CPU.Build.0 = Release|Any CPU
	EndGlobalSection
	GlobalSection(SolutionProperties) = preSolution
		HideSolutionNode = FALSE
	EndGlobalSection
	GlobalSection(ExtensibilityGlobals) = postSolution
		SolutionGuid = {F0C84617-1973-4537-A637-8AF85C3BB5A1}
	EndGlobalSection
EndGlobal
