
Microsoft Visual Studio Solution File, Format Version 12.00
# Visual Studio Version 17
VisualStudioVersion = 17.7.34031.279
MinimumVisualStudioVersion = 10.0.40219.1
Project("{FAE04EC0-301F-11D3-BF4B-00C04F79EFBC}") = "Oefening D01totalebedrag", "Oefening D01totalebedrag\Oefening D01totalebedrag.csproj", "{A1532229-625E-489D-ACD4-FE0D5003B145}"
EndProject
Global
	GlobalSection(SolutionConfigurationPlatforms) = preSolution
		Debug|Any CPU = Debug|Any CPU
		Release|Any CPU = Release|Any CPU
	EndGlobalSection
	GlobalSection(ProjectConfigurationPlatforms) = postSolution
		{A1532229-625E-489D-ACD4-FE0D5003B145}.Debug|Any CPU.ActiveCfg = Debug|Any CPU
		{A1532229-625E-489D-ACD4-FE0D5003B145}.Debug|Any CPU.Build.0 = Debug|Any CPU
		{A1532229-625E-489D-ACD4-FE0D5003B145}.Release|Any CPU.ActiveCfg = Release|Any CPU
		{A1532229-625E-489D-ACD4-FE0D5003B145}.Release|Any CPU.Build.0 = Release|Any CPU
	EndGlobalSection
	GlobalSection(SolutionProperties) = preSolution
		HideSolutionNode = FALSE
	EndGlobalSection
	GlobalSection(ExtensibilityGlobals) = postSolution
		SolutionGuid = {E287E08C-F632-4704-BE51-BD045BF5400F}
	EndGlobalSection
EndGlobal
