
Microsoft Visual Studio Solution File, Format Version 12.00
# Visual Studio Version 17
VisualStudioVersion = 17.7.34031.279
MinimumVisualStudioVersion = 10.0.40219.1
Project("{FAE04EC0-301F-11D3-BF4B-00C04F79EFBC}") = "D05getalradengebruiker", "D05getalradengebruiker\D05getalradengebruiker.csproj", "{3A8D9313-5E18-44CC-BF47-FB9A035208FC}"
EndProject
Global
	GlobalSection(SolutionConfigurationPlatforms) = preSolution
		Debug|Any CPU = Debug|Any CPU
		Release|Any CPU = Release|Any CPU
	EndGlobalSection
	GlobalSection(ProjectConfigurationPlatforms) = postSolution
		{3A8D9313-5E18-44CC-BF47-FB9A035208FC}.Debug|Any CPU.ActiveCfg = Debug|Any CPU
		{3A8D9313-5E18-44CC-BF47-FB9A035208FC}.Debug|Any CPU.Build.0 = Debug|Any CPU
		{3A8D9313-5E18-44CC-BF47-FB9A035208FC}.Release|Any CPU.ActiveCfg = Release|Any CPU
		{3A8D9313-5E18-44CC-BF47-FB9A035208FC}.Release|Any CPU.Build.0 = Release|Any CPU
	EndGlobalSection
	GlobalSection(SolutionProperties) = preSolution
		HideSolutionNode = FALSE
	EndGlobalSection
	GlobalSection(ExtensibilityGlobals) = postSolution
		SolutionGuid = {D610504F-9DBC-46F4-872F-05E99711AEC2}
	EndGlobalSection
EndGlobal
