
Microsoft Visual Studio Solution File, Format Version 12.00
# Visual Studio Version 17
VisualStudioVersion = 17.7.34202.233
MinimumVisualStudioVersion = 10.0.40219.1
Project("{FAE04EC0-301F-11D3-BF4B-00C04F79EFBC}") = "D08dagen", "D08dagen\D08dagen.csproj", "{2CED05A8-4BFF-4AE3-90CF-26D6093CBC7F}"
EndProject
Global
	GlobalSection(SolutionConfigurationPlatforms) = preSolution
		Debug|Any CPU = Debug|Any CPU
		Release|Any CPU = Release|Any CPU
	EndGlobalSection
	GlobalSection(ProjectConfigurationPlatforms) = postSolution
		{2CED05A8-4BFF-4AE3-90CF-26D6093CBC7F}.Debug|Any CPU.ActiveCfg = Debug|Any CPU
		{2CED05A8-4BFF-4AE3-90CF-26D6093CBC7F}.Debug|Any CPU.Build.0 = Debug|Any CPU
		{2CED05A8-4BFF-4AE3-90CF-26D6093CBC7F}.Release|Any CPU.ActiveCfg = Release|Any CPU
		{2CED05A8-4BFF-4AE3-90CF-26D6093CBC7F}.Release|Any CPU.Build.0 = Release|Any CPU
	EndGlobalSection
	GlobalSection(SolutionProperties) = preSolution
		HideSolutionNode = FALSE
	EndGlobalSection
	GlobalSection(ExtensibilityGlobals) = postSolution
		SolutionGuid = {210C5BF1-33B8-4A2B-8EF5-FAD72B2BFFB3}
	EndGlobalSection
EndGlobal
