
Microsoft Visual Studio Solution File, Format Version 12.00
# Visual Studio Version 17
VisualStudioVersion = 17.7.34031.279
MinimumVisualStudioVersion = 10.0.40219.1
Project("{FAE04EC0-301F-11D3-BF4B-00C04F79EFBC}") = "discord", "discord\discord.csproj", "{8E7E0594-07B2-432B-884D-619BCECB359C}"
EndProject
Global
	GlobalSection(SolutionConfigurationPlatforms) = preSolution
		Debug|Any CPU = Debug|Any CPU
		Release|Any CPU = Release|Any CPU
	EndGlobalSection
	GlobalSection(ProjectConfigurationPlatforms) = postSolution
		{8E7E0594-07B2-432B-884D-619BCECB359C}.Debug|Any CPU.ActiveCfg = Debug|Any CPU
		{8E7E0594-07B2-432B-884D-619BCECB359C}.Debug|Any CPU.Build.0 = Debug|Any CPU
		{8E7E0594-07B2-432B-884D-619BCECB359C}.Release|Any CPU.ActiveCfg = Release|Any CPU
		{8E7E0594-07B2-432B-884D-619BCECB359C}.Release|Any CPU.Build.0 = Release|Any CPU
	EndGlobalSection
	GlobalSection(SolutionProperties) = preSolution
		HideSolutionNode = FALSE
	EndGlobalSection
	GlobalSection(ExtensibilityGlobals) = postSolution
		SolutionGuid = {BEB26432-F63B-43F3-8068-F89D2E17EA2E}
	EndGlobalSection
EndGlobal
