
Microsoft Visual Studio Solution File, Format Version 12.00
# Visual Studio Version 17
VisualStudioVersion = 17.7.34031.279
MinimumVisualStudioVersion = 10.0.40219.1
Project("{FAE04EC0-301F-11D3-BF4B-00C04F79EFBC}") = "D04prijsappels", "D04prijsappels\D04prijsappels.csproj", "{AF7CDEF4-3773-4ADD-9E74-9803A55F7793}"
EndProject
Global
	GlobalSection(SolutionConfigurationPlatforms) = preSolution
		Debug|Any CPU = Debug|Any CPU
		Release|Any CPU = Release|Any CPU
	EndGlobalSection
	GlobalSection(ProjectConfigurationPlatforms) = postSolution
		{AF7CDEF4-3773-4ADD-9E74-9803A55F7793}.Debug|Any CPU.ActiveCfg = Debug|Any CPU
		{AF7CDEF4-3773-4ADD-9E74-9803A55F7793}.Debug|Any CPU.Build.0 = Debug|Any CPU
		{AF7CDEF4-3773-4ADD-9E74-9803A55F7793}.Release|Any CPU.ActiveCfg = Release|Any CPU
		{AF7CDEF4-3773-4ADD-9E74-9803A55F7793}.Release|Any CPU.Build.0 = Release|Any CPU
	EndGlobalSection
	GlobalSection(SolutionProperties) = preSolution
		HideSolutionNode = FALSE
	EndGlobalSection
	GlobalSection(ExtensibilityGlobals) = postSolution
		SolutionGuid = {691062FC-6711-41EE-A346-320234E5216C}
	EndGlobalSection
EndGlobal
