
Microsoft Visual Studio Solution File, Format Version 12.00
# Visual Studio Version 17
VisualStudioVersion = 17.7.34031.279
MinimumVisualStudioVersion = 10.0.40219.1
Project("{FAE04EC0-301F-11D3-BF4B-00C04F79EFBC}") = "TellerWhile", "TellerWhile\TellerWhile.csproj", "{BA8AE6E7-9D79-4D96-8867-E9DD127945ED}"
EndProject
Global
	GlobalSection(SolutionConfigurationPlatforms) = preSolution
		Debug|Any CPU = Debug|Any CPU
		Release|Any CPU = Release|Any CPU
	EndGlobalSection
	GlobalSection(ProjectConfigurationPlatforms) = postSolution
		{BA8AE6E7-9D79-4D96-8867-E9DD127945ED}.Debug|Any CPU.ActiveCfg = Debug|Any CPU
		{BA8AE6E7-9D79-4D96-8867-E9DD127945ED}.Debug|Any CPU.Build.0 = Debug|Any CPU
		{BA8AE6E7-9D79-4D96-8867-E9DD127945ED}.Release|Any CPU.ActiveCfg = Release|Any CPU
		{BA8AE6E7-9D79-4D96-8867-E9DD127945ED}.Release|Any CPU.Build.0 = Release|Any CPU
	EndGlobalSection
	GlobalSection(SolutionProperties) = preSolution
		HideSolutionNode = FALSE
	EndGlobalSection
	GlobalSection(ExtensibilityGlobals) = postSolution
		SolutionGuid = {3313F5E9-82D0-4895-A814-5905EC06081A}
	EndGlobalSection
EndGlobal
