
Microsoft Visual Studio Solution File, Format Version 12.00
# Visual Studio Version 17
VisualStudioVersion = 17.7.34202.233
MinimumVisualStudioVersion = 10.0.40219.1
Project("{FAE04EC0-301F-11D3-BF4B-00C04F79EFBC}") = "D09toongetallenmetjoin", "D09toongetallenmetjoin\D09toongetallenmetjoin.csproj", "{3936819C-D53B-425A-867A-50E2CB210FDC}"
EndProject
Global
	GlobalSection(SolutionConfigurationPlatforms) = preSolution
		Debug|Any CPU = Debug|Any CPU
		Release|Any CPU = Release|Any CPU
	EndGlobalSection
	GlobalSection(ProjectConfigurationPlatforms) = postSolution
		{3936819C-D53B-425A-867A-50E2CB210FDC}.Debug|Any CPU.ActiveCfg = Debug|Any CPU
		{3936819C-D53B-425A-867A-50E2CB210FDC}.Debug|Any CPU.Build.0 = Debug|Any CPU
		{3936819C-D53B-425A-867A-50E2CB210FDC}.Release|Any CPU.ActiveCfg = Release|Any CPU
		{3936819C-D53B-425A-867A-50E2CB210FDC}.Release|Any CPU.Build.0 = Release|Any CPU
	EndGlobalSection
	GlobalSection(SolutionProperties) = preSolution
		HideSolutionNode = FALSE
	EndGlobalSection
	GlobalSection(ExtensibilityGlobals) = postSolution
		SolutionGuid = {C47C8337-2C08-49D5-929F-99F462C069F9}
	EndGlobalSection
EndGlobal
