
Microsoft Visual Studio Solution File, Format Version 12.00
# Visual Studio Version 17
VisualStudioVersion = 17.7.34202.233
MinimumVisualStudioVersion = 10.0.40219.1
Project("{FAE04EC0-301F-11D3-BF4B-00C04F79EFBC}") = "D07tussenaccolades", "D07tussenaccolades\D07tussenaccolades.csproj", "{1BA18397-6EA4-43BD-9F80-8D23415BAFA9}"
EndProject
Global
	GlobalSection(SolutionConfigurationPlatforms) = preSolution
		Debug|Any CPU = Debug|Any CPU
		Release|Any CPU = Release|Any CPU
	EndGlobalSection
	GlobalSection(ProjectConfigurationPlatforms) = postSolution
		{1BA18397-6EA4-43BD-9F80-8D23415BAFA9}.Debug|Any CPU.ActiveCfg = Debug|Any CPU
		{1BA18397-6EA4-43BD-9F80-8D23415BAFA9}.Debug|Any CPU.Build.0 = Debug|Any CPU
		{1BA18397-6EA4-43BD-9F80-8D23415BAFA9}.Release|Any CPU.ActiveCfg = Release|Any CPU
		{1BA18397-6EA4-43BD-9F80-8D23415BAFA9}.Release|Any CPU.Build.0 = Release|Any CPU
	EndGlobalSection
	GlobalSection(SolutionProperties) = preSolution
		HideSolutionNode = FALSE
	EndGlobalSection
	GlobalSection(ExtensibilityGlobals) = postSolution
		SolutionGuid = {8A0D2868-5346-4412-9C86-97A73D5422FF}
	EndGlobalSection
EndGlobal
