
Microsoft Visual Studio Solution File, Format Version 12.00
# Visual Studio Version 17
VisualStudioVersion = 17.7.34202.233
MinimumVisualStudioVersion = 10.0.40219.1
Project("{FAE04EC0-301F-11D3-BF4B-00C04F79EFBC}") = "D05grootstegetalenaantal", "D05grootstegetalenaantal\D05grootstegetalenaantal.csproj", "{DA5B0287-8B52-4B7A-8CDE-8E4C5F2E385E}"
EndProject
Global
	GlobalSection(SolutionConfigurationPlatforms) = preSolution
		Debug|Any CPU = Debug|Any CPU
		Release|Any CPU = Release|Any CPU
	EndGlobalSection
	GlobalSection(ProjectConfigurationPlatforms) = postSolution
		{DA5B0287-8B52-4B7A-8CDE-8E4C5F2E385E}.Debug|Any CPU.ActiveCfg = Debug|Any CPU
		{DA5B0287-8B52-4B7A-8CDE-8E4C5F2E385E}.Debug|Any CPU.Build.0 = Debug|Any CPU
		{DA5B0287-8B52-4B7A-8CDE-8E4C5F2E385E}.Release|Any CPU.ActiveCfg = Release|Any CPU
		{DA5B0287-8B52-4B7A-8CDE-8E4C5F2E385E}.Release|Any CPU.Build.0 = Release|Any CPU
	EndGlobalSection
	GlobalSection(SolutionProperties) = preSolution
		HideSolutionNode = FALSE
	EndGlobalSection
	GlobalSection(ExtensibilityGlobals) = postSolution
		SolutionGuid = {A413A979-D619-42DD-A9C6-DB2C52684801}
	EndGlobalSection
EndGlobal
