
Microsoft Visual Studio Solution File, Format Version 12.00
# Visual Studio Version 17
VisualStudioVersion = 17.7.34202.233
MinimumVisualStudioVersion = 10.0.40219.1
Project("{FAE04EC0-301F-11D3-BF4B-00C04F79EFBC}") = "MethodBerekenAantalStappen", "MethodBerekenAantalStappen\MethodBerekenAantalStappen.csproj", "{51EEF745-4A4A-40F2-8C4B-A74E798D7A7A}"
EndProject
Global
	GlobalSection(SolutionConfigurationPlatforms) = preSolution
		Debug|Any CPU = Debug|Any CPU
		Release|Any CPU = Release|Any CPU
	EndGlobalSection
	GlobalSection(ProjectConfigurationPlatforms) = postSolution
		{51EEF745-4A4A-40F2-8C4B-A74E798D7A7A}.Debug|Any CPU.ActiveCfg = Debug|Any CPU
		{51EEF745-4A4A-40F2-8C4B-A74E798D7A7A}.Debug|Any CPU.Build.0 = Debug|Any CPU
		{51EEF745-4A4A-40F2-8C4B-A74E798D7A7A}.Release|Any CPU.ActiveCfg = Release|Any CPU
		{51EEF745-4A4A-40F2-8C4B-A74E798D7A7A}.Release|Any CPU.Build.0 = Release|Any CPU
	EndGlobalSection
	GlobalSection(SolutionProperties) = preSolution
		HideSolutionNode = FALSE
	EndGlobalSection
	GlobalSection(ExtensibilityGlobals) = postSolution
		SolutionGuid = {C3A4E165-E688-4271-917E-88C5311C8A23}
	EndGlobalSection
EndGlobal
