
Microsoft Visual Studio Solution File, Format Version 12.00
# Visual Studio Version 17
VisualStudioVersion = 17.7.34202.233
MinimumVisualStudioVersion = 10.0.40219.1
Project("{FAE04EC0-301F-11D3-BF4B-00C04F79EFBC}") = "D07klinkersenmedeklinkers", "D07klinkersenmedeklinkers\D07klinkersenmedeklinkers.csproj", "{CC600C12-3BC1-4013-B1F0-899531EAAC58}"
EndProject
Global
	GlobalSection(SolutionConfigurationPlatforms) = preSolution
		Debug|Any CPU = Debug|Any CPU
		Release|Any CPU = Release|Any CPU
	EndGlobalSection
	GlobalSection(ProjectConfigurationPlatforms) = postSolution
		{CC600C12-3BC1-4013-B1F0-899531EAAC58}.Debug|Any CPU.ActiveCfg = Debug|Any CPU
		{CC600C12-3BC1-4013-B1F0-899531EAAC58}.Debug|Any CPU.Build.0 = Debug|Any CPU
		{CC600C12-3BC1-4013-B1F0-899531EAAC58}.Release|Any CPU.ActiveCfg = Release|Any CPU
		{CC600C12-3BC1-4013-B1F0-899531EAAC58}.Release|Any CPU.Build.0 = Release|Any CPU
	EndGlobalSection
	GlobalSection(SolutionProperties) = preSolution
		HideSolutionNode = FALSE
	EndGlobalSection
	GlobalSection(ExtensibilityGlobals) = postSolution
		SolutionGuid = {5646C76C-ACE5-4B27-B466-D6E1FCD0FA03}
	EndGlobalSection
EndGlobal
