
Microsoft Visual Studio Solution File, Format Version 12.00
# Visual Studio Version 17
VisualStudioVersion = 17.7.34202.233
MinimumVisualStudioVersion = 10.0.40219.1
Project("{FAE04EC0-301F-11D3-BF4B-00C04F79EFBC}") = "D06getallenuitrij", "D06getallenuitrij\D06getallenuitrij.csproj", "{353D9CF2-6A51-4323-8EAF-84644C6B377E}"
EndProject
Global
	GlobalSection(SolutionConfigurationPlatforms) = preSolution
		Debug|Any CPU = Debug|Any CPU
		Release|Any CPU = Release|Any CPU
	EndGlobalSection
	GlobalSection(ProjectConfigurationPlatforms) = postSolution
		{353D9CF2-6A51-4323-8EAF-84644C6B377E}.Debug|Any CPU.ActiveCfg = Debug|Any CPU
		{353D9CF2-6A51-4323-8EAF-84644C6B377E}.Debug|Any CPU.Build.0 = Debug|Any CPU
		{353D9CF2-6A51-4323-8EAF-84644C6B377E}.Release|Any CPU.ActiveCfg = Release|Any CPU
		{353D9CF2-6A51-4323-8EAF-84644C6B377E}.Release|Any CPU.Build.0 = Release|Any CPU
	EndGlobalSection
	GlobalSection(SolutionProperties) = preSolution
		HideSolutionNode = FALSE
	EndGlobalSection
	GlobalSection(ExtensibilityGlobals) = postSolution
		SolutionGuid = {11F7B968-FED7-4B32-A65B-CFBE6DAB4866}
	EndGlobalSection
EndGlobal
