
Microsoft Visual Studio Solution File, Format Version 12.00
# Visual Studio Version 17
VisualStudioVersion = 17.7.34031.279
MinimumVisualStudioVersion = 10.0.40219.1
Project("{FAE04EC0-301F-11D3-BF4B-00C04F79EFBC}") = "WerkcollegeD05WCSchildwacht", "WerkcollegeD05WCSchildwacht\WerkcollegeD05WCSchildwacht.csproj", "{7162F49A-F48E-40FD-8781-E1085A1740F6}"
EndProject
Global
	GlobalSection(SolutionConfigurationPlatforms) = preSolution
		Debug|Any CPU = Debug|Any CPU
		Release|Any CPU = Release|Any CPU
	EndGlobalSection
	GlobalSection(ProjectConfigurationPlatforms) = postSolution
		{7162F49A-F48E-40FD-8781-E1085A1740F6}.Debug|Any CPU.ActiveCfg = Debug|Any CPU
		{7162F49A-F48E-40FD-8781-E1085A1740F6}.Debug|Any CPU.Build.0 = Debug|Any CPU
		{7162F49A-F48E-40FD-8781-E1085A1740F6}.Release|Any CPU.ActiveCfg = Release|Any CPU
		{7162F49A-F48E-40FD-8781-E1085A1740F6}.Release|Any CPU.Build.0 = Release|Any CPU
	EndGlobalSection
	GlobalSection(SolutionProperties) = preSolution
		HideSolutionNode = FALSE
	EndGlobalSection
	GlobalSection(ExtensibilityGlobals) = postSolution
		SolutionGuid = {B9AC37D0-810C-41BD-9843-2F14DA2F53C9}
	EndGlobalSection
EndGlobal
