
Microsoft Visual Studio Solution File, Format Version 12.00
# Visual Studio Version 17
VisualStudioVersion = 17.7.34202.233
MinimumVisualStudioVersion = 10.0.40219.1
Project("{FAE04EC0-301F-11D3-BF4B-00C04F79EFBC}") = "D08aansprekingen", "D08aansprekingen\D08aansprekingen.csproj", "{6DC0D4F1-309D-46B9-9006-A4EB81AA6F66}"
EndProject
Global
	GlobalSection(SolutionConfigurationPlatforms) = preSolution
		Debug|Any CPU = Debug|Any CPU
		Release|Any CPU = Release|Any CPU
	EndGlobalSection
	GlobalSection(ProjectConfigurationPlatforms) = postSolution
		{6DC0D4F1-309D-46B9-9006-A4EB81AA6F66}.Debug|Any CPU.ActiveCfg = Debug|Any CPU
		{6DC0D4F1-309D-46B9-9006-A4EB81AA6F66}.Debug|Any CPU.Build.0 = Debug|Any CPU
		{6DC0D4F1-309D-46B9-9006-A4EB81AA6F66}.Release|Any CPU.ActiveCfg = Release|Any CPU
		{6DC0D4F1-309D-46B9-9006-A4EB81AA6F66}.Release|Any CPU.Build.0 = Release|Any CPU
	EndGlobalSection
	GlobalSection(SolutionProperties) = preSolution
		HideSolutionNode = FALSE
	EndGlobalSection
	GlobalSection(ExtensibilityGlobals) = postSolution
		SolutionGuid = {E1DFBF2A-8E47-4512-A087-07D984A1BEE3}
	EndGlobalSection
EndGlobal
