
Microsoft Visual Studio Solution File, Format Version 12.00
# Visual Studio Version 17
VisualStudioVersion = 17.7.34202.233
MinimumVisualStudioVersion = 10.0.40219.1
Project("{FAE04EC0-301F-11D3-BF4B-00C04F79EFBC}") = "MethodAantalDelersList", "MethodAantalDelersList\MethodAantalDelersList.csproj", "{5CE71244-0D56-490D-898C-823F175ED012}"
EndProject
Global
	GlobalSection(SolutionConfigurationPlatforms) = preSolution
		Debug|Any CPU = Debug|Any CPU
		Release|Any CPU = Release|Any CPU
	EndGlobalSection
	GlobalSection(ProjectConfigurationPlatforms) = postSolution
		{5CE71244-0D56-490D-898C-823F175ED012}.Debug|Any CPU.ActiveCfg = Debug|Any CPU
		{5CE71244-0D56-490D-898C-823F175ED012}.Debug|Any CPU.Build.0 = Debug|Any CPU
		{5CE71244-0D56-490D-898C-823F175ED012}.Release|Any CPU.ActiveCfg = Release|Any CPU
		{5CE71244-0D56-490D-898C-823F175ED012}.Release|Any CPU.Build.0 = Release|Any CPU
	EndGlobalSection
	GlobalSection(SolutionProperties) = preSolution
		HideSolutionNode = FALSE
	EndGlobalSection
	GlobalSection(ExtensibilityGlobals) = postSolution
		SolutionGuid = {5904688B-4B06-4F26-AD9D-1CEAFCED4557}
	EndGlobalSection
EndGlobal
