
Microsoft Visual Studio Solution File, Format Version 12.00
# Visual Studio Version 17
VisualStudioVersion = 17.7.34202.233
MinimumVisualStudioVersion = 10.0.40219.1
Project("{FAE04EC0-301F-11D3-BF4B-00C04F79EFBC}") = "D08netto", "D08netto\D08netto.csproj", "{63EA9E1D-EF92-47A4-95E5-E72A7CFA43A3}"
EndProject
Global
	GlobalSection(SolutionConfigurationPlatforms) = preSolution
		Debug|Any CPU = Debug|Any CPU
		Release|Any CPU = Release|Any CPU
	EndGlobalSection
	GlobalSection(ProjectConfigurationPlatforms) = postSolution
		{63EA9E1D-EF92-47A4-95E5-E72A7CFA43A3}.Debug|Any CPU.ActiveCfg = Debug|Any CPU
		{63EA9E1D-EF92-47A4-95E5-E72A7CFA43A3}.Debug|Any CPU.Build.0 = Debug|Any CPU
		{63EA9E1D-EF92-47A4-95E5-E72A7CFA43A3}.Release|Any CPU.ActiveCfg = Release|Any CPU
		{63EA9E1D-EF92-47A4-95E5-E72A7CFA43A3}.Release|Any CPU.Build.0 = Release|Any CPU
	EndGlobalSection
	GlobalSection(SolutionProperties) = preSolution
		HideSolutionNode = FALSE
	EndGlobalSection
	GlobalSection(ExtensibilityGlobals) = postSolution
		SolutionGuid = {E807DFBA-0910-4C82-8D55-5144D377B79F}
	EndGlobalSection
EndGlobal
