
Microsoft Visual Studio Solution File, Format Version 12.00
# Visual Studio Version 17
VisualStudioVersion = 17.7.34031.279
MinimumVisualStudioVersion = 10.0.40219.1
Project("{FAE04EC0-301F-11D3-BF4B-00C04F79EFBC}") = "WerkcollegeD5-D6oef13Algoritme", "WerkcollegeD5-D6oef13Algoritme\WerkcollegeD5-D6oef13Algoritme.csproj", "{AE15C0C8-55A7-4E63-9451-F00E6F0CBE9B}"
EndProject
Global
	GlobalSection(SolutionConfigurationPlatforms) = preSolution
		Debug|Any CPU = Debug|Any CPU
		Release|Any CPU = Release|Any CPU
	EndGlobalSection
	GlobalSection(ProjectConfigurationPlatforms) = postSolution
		{AE15C0C8-55A7-4E63-9451-F00E6F0CBE9B}.Debug|Any CPU.ActiveCfg = Debug|Any CPU
		{AE15C0C8-55A7-4E63-9451-F00E6F0CBE9B}.Debug|Any CPU.Build.0 = Debug|Any CPU
		{AE15C0C8-55A7-4E63-9451-F00E6F0CBE9B}.Release|Any CPU.ActiveCfg = Release|Any CPU
		{AE15C0C8-55A7-4E63-9451-F00E6F0CBE9B}.Release|Any CPU.Build.0 = Release|Any CPU
	EndGlobalSection
	GlobalSection(SolutionProperties) = preSolution
		HideSolutionNode = FALSE
	EndGlobalSection
	GlobalSection(ExtensibilityGlobals) = postSolution
		SolutionGuid = {9E5B7732-99F9-4D8A-8009-EB42982468DF}
	EndGlobalSection
EndGlobal
